// !$*UTF8*$!
{
	archiveVersion = 1;
	classes = {
	};
	objectVersion = 46;
	objects = {

/* Begin PBXBuildFile section */
		59BF0AACFC8E56ECF691AEE9 /* Pods_SwiftFacebookLoginApp.framework in Frameworks */ = {isa = PBXBuildFile; fileRef = 08D2615EBED679F76301980B /* Pods_SwiftFacebookLoginApp.framework */; };
		BD4574111D01412500F61A66 /* AppDelegate.swift in Sources */ = {isa = PBXBuildFile; fileRef = BD4574101D01412500F61A66 /* AppDelegate.swift */; };
		BD4574131D01412500F61A66 /* LoginViewController.swift in Sources */ = {isa = PBXBuildFile; fileRef = BD4574121D01412500F61A66 /* LoginViewController.swift */; };
		BD4574161D01412500F61A66 /* Main.storyboard in Resources */ = {isa = PBXBuildFile; fileRef = BD4574141D01412500F61A66 /* Main.storyboard */; };
		BD4574181D01412500F61A66 /* Assets.xcassets in Resources */ = {isa = PBXBuildFile; fileRef = BD4574171D01412500F61A66 /* Assets.xcassets */; };
		BD45741B1D01412500F61A66 /* LaunchScreen.storyboard in Resources */ = {isa = PBXBuildFile; fileRef = BD4574191D01412500F61A66 /* LaunchScreen.storyboard */; };
		BDC3F5631D014C7500CE83EF /* LogoutViewController.swift in Sources */ = {isa = PBXBuildFile; fileRef = BDC3F5621D014C7500CE83EF /* LogoutViewController.swift */; };
/* End PBXBuildFile section */

/* Begin PBXFileReference section */
		08D2615EBED679F76301980B /* Pods_SwiftFacebookLoginApp.framework */ = {isa = PBXFileReference; explicitFileType = wrapper.framework; includeInIndex = 0; path = Pods_SwiftFacebookLoginApp.framework; sourceTree = BUILT_PRODUCTS_DIR; };
		1EFE9861646AB1EBF4E488FC /* Pods-SwiftFacebookLoginApp.release.xcconfig */ = {isa = PBXFileReference; includeInIndex = 1; lastKnownFileType = text.xcconfig; name = "Pods-SwiftFacebookLoginApp.release.xcconfig"; path = "Pods/Target Support Files/Pods-SwiftFacebookLoginApp/Pods-SwiftFacebookLoginApp.release.xcconfig"; sourceTree = "<group>"; };
		77249E56E44877F10EE9B2BD /* Pods-SwiftFacebookLoginApp.debug.xcconfig */ = {isa = PBXFileReference; includeInIndex = 1; lastKnownFileType = text.xcconfig; name = "Pods-SwiftFacebookLoginApp.debug.xcconfig"; path = "Pods/Target Support Files/Pods-SwiftFacebookLoginApp/Pods-SwiftFacebookLoginApp.debug.xcconfig"; sourceTree = "<group>"; };
		BD45740D1D01412500F61A66 /* SwiftFacebookLoginApp.app */ = {isa = PBXFileReference; explicitFileType = wrapper.application; includeInIndex = 0; path = SwiftFacebookLoginApp.app; sourceTree = BUILT_PRODUCTS_DIR; };
		BD4574101D01412500F61A66 /* AppDelegate.swift */ = {isa = PBXFileReference; lastKnownFileType = sourcecode.swift; path = AppDelegate.swift; sourceTree = "<group>"; };
		BD4574121D01412500F61A66 /* LoginViewController.swift */ = {isa = PBXFileReference; lastKnownFileType = sourcecode.swift; path = LoginViewController.swift; sourceTree = "<group>"; };
		BD4574151D01412500F61A66 /* Base */ = {isa = PBXFileReference; lastKnownFileType = file.storyboard; name = Base; path = Base.lproj/Main.storyboard; sourceTree = "<group>"; };
		BD4574171D01412500F61A66 /* Assets.xcassets */ = {isa = PBXFileReference; lastKnownFileType = folder.assetcatalog; path = Assets.xcassets; sourceTree = "<group>"; };
		BD45741A1D01412500F61A66 /* Base */ = {isa = PBXFileReference; lastKnownFileType = file.storyboard; name = Base; path = Base.lproj/LaunchScreen.storyboard; sourceTree = "<group>"; };
		BD45741C1D01412500F61A66 /* Info.plist */ = {isa = PBXFileReference; lastKnownFileType = text.plist.xml; path = Info.plist; sourceTree = "<group>"; };
		BDC3F5621D014C7500CE83EF /* LogoutViewController.swift */ = {isa = PBXFileReference; fileEncoding = 4; lastKnownFileType = sourcecode.swift; path = LogoutViewController.swift; sourceTree = "<group>"; };
		D22278E92153B5ED005EE00D /* SwiftFacebookLoginApp-Bridging-Header.h */ = {isa = PBXFileReference; lastKnownFileType = sourcecode.c.h; path = "SwiftFacebookLoginApp-Bridging-Header.h"; sourceTree = "<group>"; };
/* End PBXFileReference section */

/* Begin PBXFrameworksBuildPhase section */
		BD45740A1D01412500F61A66 /* Frameworks */ = {
			isa = PBXFrameworksBuildPhase;
			buildActionMask = 2147483647;
			files = (
				59BF0AACFC8E56ECF691AEE9 /* Pods_SwiftFacebookLoginApp.framework in Frameworks */,
			);
			runOnlyForDeploymentPostprocessing = 0;
		};
/* End PBXFrameworksBuildPhase section */

/* Begin PBXGroup section */
		4BB9BC4D2C1C6287010A5D87 /* Frameworks */ = {
			isa = PBXGroup;
			children = (
				08D2615EBED679F76301980B /* Pods_SwiftFacebookLoginApp.framework */,
			);
			name = Frameworks;
			sourceTree = "<group>";
		};
		526C6D6E98C811E681C96EBC /* Pods */ = {
			isa = PBXGroup;
			children = (
				77249E56E44877F10EE9B2BD /* Pods-SwiftFacebookLoginApp.debug.xcconfig */,
				1EFE9861646AB1EBF4E488FC /* Pods-SwiftFacebookLoginApp.release.xcconfig */,
			);
			name = Pods;
			sourceTree = "<group>";
		};
		BD4574041D01412400F61A66 = {
			isa = PBXGroup;
			children = (
				BD45740F1D01412500F61A66 /* SwiftFacebookLoginApp */,
				BD45740E1D01412500F61A66 /* Products */,
				526C6D6E98C811E681C96EBC /* Pods */,
				4BB9BC4D2C1C6287010A5D87 /* Frameworks */,
			);
			sourceTree = "<group>";
		};
		BD45740E1D01412500F61A66 /* Products */ = {
			isa = PBXGroup;
			children = (
				BD45740D1D01412500F61A66 /* SwiftFacebookLoginApp.app */,
			);
			name = Products;
			sourceTree = "<group>";
		};
		BD45740F1D01412500F61A66 /* SwiftFacebookLoginApp */ = {
			isa = PBXGroup;
			children = (
				BD4574101D01412500F61A66 /* AppDelegate.swift */,
				BD4574121D01412500F61A66 /* LoginViewController.swift */,
				BDC3F5621D014C7500CE83EF /* LogoutViewController.swift */,
				BD4574141D01412500F61A66 /* Main.storyboard */,
				BD4574171D01412500F61A66 /* Assets.xcassets */,
				BD4574191D01412500F61A66 /* LaunchScreen.storyboard */,
				BD45741C1D01412500F61A66 /* Info.plist */,
				D22278E92153B5ED005EE00D /* SwiftFacebookLoginApp-Bridging-Header.h */,
			);
			path = SwiftFacebookLoginApp;
			sourceTree = "<group>";
		};
/* End PBXGroup section */

/* Begin PBXNativeTarget section */
		BD45740C1D01412500F61A66 /* SwiftFacebookLoginApp */ = {
			isa = PBXNativeTarget;
			buildConfigurationList = BD45741F1D01412500F61A66 /* Build configuration list for PBXNativeTarget "SwiftFacebookLoginApp" */;
			buildPhases = (
				2B5DA15C88995188622AA939 /* 📦 Check Pods Manifest.lock */,
				BD4574091D01412500F61A66 /* Sources */,
				BD45740A1D01412500F61A66 /* Frameworks */,
				BD45740B1D01412500F61A66 /* Resources */,
				D2A7888EED0184DB3374F84E /* 📦 Embed Pods Frameworks */,
				61D25A7B87C61A965574B8E0 /* 📦 Copy Pods Resources */,
			);
			buildRules = (
			);
			dependencies = (
			);
			name = SwiftFacebookLoginApp;
			productName = SwiftFacebookLoginApp;
			productReference = BD45740D1D01412500F61A66 /* SwiftFacebookLoginApp.app */;
			productType = "com.apple.product-type.application";
		};
/* End PBXNativeTarget section */

/* Begin PBXProject section */
		BD4574051D01412400F61A66 /* Project object */ = {
			isa = PBXProject;
			attributes = {
				LastSwiftUpdateCheck = 0720;
				LastUpgradeCheck = 0720;
				ORGANIZATIONNAME = "FUJITSU CLOUD TECHNOLOGIES LIMITED";
				TargetAttributes = {
					BD45740C1D01412500F61A66 = {
						CreatedOnToolsVersion = 7.2.1;
					};
				};
			};
			buildConfigurationList = BD4574081D01412400F61A66 /* Build configuration list for PBXProject "SwiftFacebookLoginApp" */;
			compatibilityVersion = "Xcode 3.2";
			developmentRegion = English;
			hasScannedForEncodings = 0;
			knownRegions = (
				en,
				Base,
			);
			mainGroup = BD4574041D01412400F61A66;
			productRefGroup = BD45740E1D01412500F61A66 /* Products */;
			projectDirPath = "";
			projectRoot = "";
			targets = (
				BD45740C1D01412500F61A66 /* SwiftFacebookLoginApp */,
			);
		};
/* End PBXProject section */

/* Begin PBXResourcesBuildPhase section */
		BD45740B1D01412500F61A66 /* Resources */ = {
			isa = PBXResourcesBuildPhase;
			buildActionMask = 2147483647;
			files = (
				BD45741B1D01412500F61A66 /* LaunchScreen.storyboard in Resources */,
				BD4574181D01412500F61A66 /* Assets.xcassets in Resources */,
				BD4574161D01412500F61A66 /* Main.storyboard in Resources */,
			);
			runOnlyForDeploymentPostprocessing = 0;
		};
/* End PBXResourcesBuildPhase section */

/* Begin PBXShellScriptBuildPhase section */
		2B5DA15C88995188622AA939 /* 📦 Check Pods Manifest.lock */ = {
			isa = PBXShellScriptBuildPhase;
			buildActionMask = 2147483647;
			files = (
			);
			inputPaths = (
			);
			name = "📦 Check Pods Manifest.lock";
			outputPaths = (
			);
			runOnlyForDeploymentPostprocessing = 0;
			shellPath = /bin/sh;
			shellScript = "diff \"${PODS_ROOT}/../Podfile.lock\" \"${PODS_ROOT}/Manifest.lock\" > /dev/null\nif [[ $? != 0 ]] ; then\n    cat << EOM\nerror: The sandbox is not in sync with the Podfile.lock. Run 'pod install' or update your CocoaPods installation.\nEOM\n    exit 1\nfi\n";
			showEnvVarsInLog = 0;
		};
		61D25A7B87C61A965574B8E0 /* 📦 Copy Pods Resources */ = {
			isa = PBXShellScriptBuildPhase;
			buildActionMask = 2147483647;
			files = (
			);
			inputPaths = (
			);
			name = "📦 Copy Pods Resources";
			outputPaths = (
			);
			runOnlyForDeploymentPostprocessing = 0;
			shellPath = /bin/sh;
			shellScript = "\"${SRCROOT}/Pods/Target Support Files/Pods-SwiftFacebookLoginApp/Pods-SwiftFacebookLoginApp-resources.sh\"\n";
			showEnvVarsInLog = 0;
		};
		D2A7888EED0184DB3374F84E /* 📦 Embed Pods Frameworks */ = {
			isa = PBXShellScriptBuildPhase;
			buildActionMask = 2147483647;
			files = (
			);
			inputPaths = (
			);
			name = "📦 Embed Pods Frameworks";
			outputPaths = (
			);
			runOnlyForDeploymentPostprocessing = 0;
			shellPath = /bin/sh;
			shellScript = "\"${SRCROOT}/Pods/Target Support Files/Pods-SwiftFacebookLoginApp/Pods-SwiftFacebookLoginApp-frameworks.sh\"\n";
			showEnvVarsInLog = 0;
		};
/* End PBXShellScriptBuildPhase section */

/* Begin PBXSourcesBuildPhase section */
		BD4574091D01412500F61A66 /* Sources */ = {
			isa = PBXSourcesBuildPhase;
			buildActionMask = 2147483647;
			files = (
				BD4574131D01412500F61A66 /* LoginViewController.swift in Sources */,
				BDC3F5631D014C7500CE83EF /* LogoutViewController.swift in Sources */,
				BD4574111D01412500F61A66 /* AppDelegate.swift in Sources */,
			);
			runOnlyForDeploymentPostprocessing = 0;
		};
/* End PBXSourcesBuildPhase section */

/* Begin PBXVariantGroup section */
		BD4574141D01412500F61A66 /* Main.storyboard */ = {
			isa = PBXVariantGroup;
			children = (
				BD4574151D01412500F61A66 /* Base */,
			);
			name = Main.storyboard;
			sourceTree = "<group>";
		};
		BD4574191D01412500F61A66 /* LaunchScreen.storyboard */ = {
			isa = PBXVariantGroup;
			children = (
				BD45741A1D01412500F61A66 /* Base */,
			);
			name = LaunchScreen.storyboard;
			sourceTree = "<group>";
		};
/* End PBXVariantGroup section */

/* Begin XCBuildConfiguration section */
		BD45741D1D01412500F61A66 /* Debug */ = {
			isa = XCBuildConfiguration;
			buildSettings = {
				ALWAYS_SEARCH_USER_PATHS = NO;
				CLANG_CXX_LANGUAGE_STANDARD = "gnu++0x";
				CLANG_CXX_LIBRARY = "libc++";
				CLANG_ENABLE_MODULES = YES;
				CLANG_ENABLE_OBJC_ARC = YES;
				CLANG_WARN_BOOL_CONVERSION = YES;
				CLANG_WARN_CONSTANT_CONVERSION = YES;
				CLANG_WARN_DIRECT_OBJC_ISA_USAGE = YES_ERROR;
				CLANG_WARN_EMPTY_BODY = YES;
				CLANG_WARN_ENUM_CONVERSION = YES;
				CLANG_WARN_INT_CONVERSION = YES;
				CLANG_WARN_OBJC_ROOT_CLASS = YES_ERROR;
				CLANG_WARN_UNREACHABLE_CODE = YES;
				CLANG_WARN__DUPLICATE_METHOD_MATCH = YES;
				"CODE_SIGN_IDENTITY[sdk=iphoneos*]" = "iPhone Developer";
				COPY_PHASE_STRIP = NO;
				DEBUG_INFORMATION_FORMAT = dwarf;
				ENABLE_STRICT_OBJC_MSGSEND = YES;
				ENABLE_TESTABILITY = YES;
				GCC_C_LANGUAGE_STANDARD = gnu99;
				GCC_DYNAMIC_NO_PIC = NO;
				GCC_NO_COMMON_BLOCKS = YES;
				GCC_OPTIMIZATION_LEVEL = 0;
				GCC_PREPROCESSOR_DEFINITIONS = (
					"DEBUG=1",
					"$(inherited)",
				);
				GCC_WARN_64_TO_32_BIT_CONVERSION = YES;
				GCC_WARN_ABOUT_RETURN_TYPE = YES_ERROR;
				GCC_WARN_UNDECLARED_SELECTOR = YES;
				GCC_WARN_UNINITIALIZED_AUTOS = YES_AGGRESSIVE;
				GCC_WARN_UNUSED_FUNCTION = YES;
				GCC_WARN_UNUSED_VARIABLE = YES;
				IPHONEOS_DEPLOYMENT_TARGET = 9.2;
				MTL_ENABLE_DEBUG_INFO = YES;
				ONLY_ACTIVE_ARCH = YES;
				SDKROOT = iphoneos;
				SWIFT_OPTIMIZATION_LEVEL = "-Onone";
				TARGETED_DEVICE_FAMILY = "1,2";
			};
			name = Debug;
		};
		BD45741E1D01412500F61A66 /* Release */ = {
			isa = XCBuildConfiguration;
			buildSettings = {
				ALWAYS_SEARCH_USER_PATHS = NO;
				CLANG_CXX_LANGUAGE_STANDARD = "gnu++0x";
				CLANG_CXX_LIBRARY = "libc++";
				CLANG_ENABLE_MODULES = YES;
				CLANG_ENABLE_OBJC_ARC = YES;
				CLANG_WARN_BOOL_CONVERSION = YES;
				CLANG_WARN_CONSTANT_CONVERSION = YES;
				CLANG_WARN_DIRECT_OBJC_ISA_USAGE = YES_ERROR;
				CLANG_WARN_EMPTY_BODY = YES;
				CLANG_WARN_ENUM_CONVERSION = YES;
				CLANG_WARN_INT_CONVERSION = YES;
				CLANG_WARN_OBJC_ROOT_CLASS = YES_ERROR;
				CLANG_WARN_UNREACHABLE_CODE = YES;
				CLANG_WARN__DUPLICATE_METHOD_MATCH = YES;
				"CODE_SIGN_IDENTITY[sdk=iphoneos*]" = "iPhone Developer";
				COPY_PHASE_STRIP = NO;
				DEBUG_INFORMATION_FORMAT = "dwarf-with-dsym";
				ENABLE_NS_ASSERTIONS = NO;
				ENABLE_STRICT_OBJC_MSGSEND = YES;
				GCC_C_LANGUAGE_STANDARD = gnu99;
				GCC_NO_COMMON_BLOCKS = YES;
				GCC_WARN_64_TO_32_BIT_CONVERSION = YES;
				GCC_WARN_ABOUT_RETURN_TYPE = YES_ERROR;
				GCC_WARN_UNDECLARED_SELECTOR = YES;
				GCC_WARN_UNINITIALIZED_AUTOS = YES_AGGRESSIVE;
				GCC_WARN_UNUSED_FUNCTION = YES;
				GCC_WARN_UNUSED_VARIABLE = YES;
				IPHONEOS_DEPLOYMENT_TARGET = 9.2;
				MTL_ENABLE_DEBUG_INFO = NO;
				SDKROOT = iphoneos;
				TARGETED_DEVICE_FAMILY = "1,2";
				VALIDATE_PRODUCT = YES;
			};
			name = Release;
		};
		BD4574201D01412500F61A66 /* Debug */ = {
			isa = XCBuildConfiguration;
			baseConfigurationReference = 77249E56E44877F10EE9B2BD /* Pods-SwiftFacebookLoginApp.debug.xcconfig */;
			buildSettings = {
				ASSETCATALOG_COMPILER_APPICON_NAME = AppIcon;
				CODE_SIGN_IDENTITY = "iPhone Distribution";
				INFOPLIST_FILE = SwiftFacebookLoginApp/Info.plist;
				IPHONEOS_DEPLOYMENT_TARGET = 8.0;
				LD_RUNPATH_SEARCH_PATHS = "$(inherited) @executable_path/Frameworks";
				PRODUCT_BUNDLE_IDENTIFIER = com.mobilebackend.nifcloud.SwiftFacebookLoginApp;
				PRODUCT_NAME = "$(TARGET_NAME)";
			};
			name = Debug;
		};
		BD4574211D01412500F61A66 /* Release */ = {
			isa = XCBuildConfiguration;
			baseConfigurationReference = 1EFE9861646AB1EBF4E488FC /* Pods-SwiftFacebookLoginApp.release.xcconfig */;
			buildSettings = {
				ASSETCATALOG_COMPILER_APPICON_NAME = AppIcon;
				CODE_SIGN_IDENTITY = "iPhone Distribution";
				INFOPLIST_FILE = SwiftFacebookLoginApp/Info.plist;
				IPHONEOS_DEPLOYMENT_TARGET = 8.0;
				LD_RUNPATH_SEARCH_PATHS = "$(inherited) @executable_path/Frameworks";
				PRODUCT_BUNDLE_IDENTIFIER = com.mobilebackend.nifcloud.SwiftFacebookLoginApp;
				PRODUCT_NAME = "$(TARGET_NAME)";
			};
			name = Release;
		};
/* End XCBuildConfiguration section */

/* Begin XCConfigurationList section */
		BD4574081D01412400F61A66 /* Build configuration list for PBXProject "SwiftFacebookLoginApp" */ = {
			isa = XCConfigurationList;
			buildConfigurations = (
				BD45741D1D01412500F61A66 /* Debug */,
				BD45741E1D01412500F61A66 /* Release */,
			);
			defaultConfigurationIsVisible = 0;
			defaultConfigurationName = Release;
		};
		BD45741F1D01412500F61A66 /* Build configuration list for PBXNativeTarget "SwiftFacebookLoginApp" */ = {
			isa = XCConfigurationList;
			buildConfigurations = (
				BD4574201D01412500F61A66 /* Debug */,
				BD4574211D01412500F61A66 /* Release */,
			);
			defaultConfigurationIsVisible = 0;
			defaultConfigurationName = Release;
		};
/* End XCConfigurationList section */
	};
	rootObject = BD4574051D01412400F61A66 /* Project object */;
}
