// !$*UTF8*$!
{
	archiveVersion = 1;
	classes = {
	};
	objectVersion = 51;
	objects = {

/* Begin PBXBuildFile section */
		175B633A24A20B4B0064FD3E /* AppDelegate.swift in Sources */ = {isa = PBXBuildFile; fileRef = 175B633924A20B4B0064FD3E /* AppDelegate.swift */; };
		175B633E24A20B4B0064FD3E /* LoginViewController.swift in Sources */ = {isa = PBXBuildFile; fileRef = 175B633D24A20B4B0064FD3E /* LoginViewController.swift */; };
		175B634124A20B4B0064FD3E /* Main.storyboard in Resources */ = {isa = PBXBuildFile; fileRef = 175B633F24A20B4B0064FD3E /* Main.storyboard */; };
		175B634324A20B4D0064FD3E /* Assets.xcassets in Resources */ = {isa = PBXBuildFile; fileRef = 175B634224A20B4D0064FD3E /* Assets.xcassets */; };
		175B634624A20B4D0064FD3E /* LaunchScreen.storyboard in Resources */ = {isa = PBXBuildFile; fileRef = 175B634424A20B4D0064FD3E /* LaunchScreen.storyboard */; };
		175B634E24A2128C0064FD3E /* LogoutViewController.swift in Sources */ = {isa = PBXBuildFile; fileRef = 175B634D24A2128C0064FD3E /* LogoutViewController.swift */; };
		17FAF6AF24A31204008BF02E /* SceneDelegate.swift in Sources */ = {isa = PBXBuildFile; fileRef = 17FAF6AE24A31204008BF02E /* SceneDelegate.swift */; };
		341CD0A5AFD6B2ADBF088A9E /* Pods_SwiftFacebookLoginApp.framework in Frameworks */ = {isa = PBXBuildFile; fileRef = B560FF11F0412F1E4888D746 /* Pods_SwiftFacebookLoginApp.framework */; };
/* End PBXBuildFile section */

/* Begin PBXFileReference section */
		1109D48650D75883FA0D2220 /* Pods-SwiftFacebookLoginApp.release.xcconfig */ = {isa = PBXFileReference; includeInIndex = 1; lastKnownFileType = text.xcconfig; name = "Pods-SwiftFacebookLoginApp.release.xcconfig"; path = "Target Support Files/Pods-SwiftFacebookLoginApp/Pods-SwiftFacebookLoginApp.release.xcconfig"; sourceTree = "<group>"; };
		175B633624A20B4B0064FD3E /* SwiftFacebookLoginApp.app */ = {isa = PBXFileReference; explicitFileType = wrapper.application; includeInIndex = 0; path = SwiftFacebookLoginApp.app; sourceTree = BUILT_PRODUCTS_DIR; };
		175B633924A20B4B0064FD3E /* AppDelegate.swift */ = {isa = PBXFileReference; lastKnownFileType = sourcecode.swift; path = AppDelegate.swift; sourceTree = "<group>"; };
		175B633D24A20B4B0064FD3E /* LoginViewController.swift */ = {isa = PBXFileReference; lastKnownFileType = sourcecode.swift; path = LoginViewController.swift; sourceTree = "<group>"; };
		175B634024A20B4B0064FD3E /* Base */ = {isa = PBXFileReference; lastKnownFileType = file.storyboard; name = Base; path = Base.lproj/Main.storyboard; sourceTree = "<group>"; };
		175B634224A20B4D0064FD3E /* Assets.xcassets */ = {isa = PBXFileReference; lastKnownFileType = folder.assetcatalog; path = Assets.xcassets; sourceTree = "<group>"; };
		175B634524A20B4D0064FD3E /* Base */ = {isa = PBXFileReference; lastKnownFileType = file.storyboard; name = Base; path = Base.lproj/LaunchScreen.storyboard; sourceTree = "<group>"; };
		175B634724A20B4D0064FD3E /* Info.plist */ = {isa = PBXFileReference; lastKnownFileType = text.plist.xml; path = Info.plist; sourceTree = "<group>"; };
		175B634D24A2128C0064FD3E /* LogoutViewController.swift */ = {isa = PBXFileReference; lastKnownFileType = sourcecode.swift; path = LogoutViewController.swift; sourceTree = "<group>"; };
		17FAF6AD24A30AF8008BF02E /* SwiftFacebookLoginApp.entitlements */ = {isa = PBXFileReference; lastKnownFileType = text.plist.entitlements; path = SwiftFacebookLoginApp.entitlements; sourceTree = "<group>"; };
		17FAF6AE24A31204008BF02E /* SceneDelegate.swift */ = {isa = PBXFileReference; fileEncoding = 4; lastKnownFileType = sourcecode.swift; path = SceneDelegate.swift; sourceTree = "<group>"; };
		B560FF11F0412F1E4888D746 /* Pods_SwiftFacebookLoginApp.framework */ = {isa = PBXFileReference; explicitFileType = wrapper.framework; includeInIndex = 0; path = Pods_SwiftFacebookLoginApp.framework; sourceTree = BUILT_PRODUCTS_DIR; };
		DBDFCD451B97CE211D54167F /* Pods-SwiftFacebookLoginApp.debug.xcconfig */ = {isa = PBXFileReference; includeInIndex = 1; lastKnownFileType = text.xcconfig; name = "Pods-SwiftFacebookLoginApp.debug.xcconfig"; path = "Target Support Files/Pods-SwiftFacebookLoginApp/Pods-SwiftFacebookLoginApp.debug.xcconfig"; sourceTree = "<group>"; };
/* End PBXFileReference section */

/* Begin PBXFrameworksBuildPhase section */
		175B633324A20B4B0064FD3E /* Frameworks */ = {
			isa = PBXFrameworksBuildPhase;
			buildActionMask = 2147483647;
			files = (
				341CD0A5AFD6B2ADBF088A9E /* Pods_SwiftFacebookLoginApp.framework in Frameworks */,
			);
			runOnlyForDeploymentPostprocessing = 0;
		};
/* End PBXFrameworksBuildPhase section */

/* Begin PBXGroup section */
		0C48551458B5B71682629FDE /* Frameworks */ = {
			isa = PBXGroup;
			children = (
				B560FF11F0412F1E4888D746 /* Pods_SwiftFacebookLoginApp.framework */,
			);
			name = Frameworks;
			sourceTree = "<group>";
		};
		175B632D24A20B4B0064FD3E = {
			isa = PBXGroup;
			children = (
				175B633824A20B4B0064FD3E /* SwiftFacebookLoginApp */,
				175B633724A20B4B0064FD3E /* Products */,
				F6EB52684AC4084B7DC3D5AF /* Pods */,
				0C48551458B5B71682629FDE /* Frameworks */,
			);
			sourceTree = "<group>";
		};
		175B633724A20B4B0064FD3E /* Products */ = {
			isa = PBXGroup;
			children = (
				175B633624A20B4B0064FD3E /* SwiftFacebookLoginApp.app */,
			);
			name = Products;
			sourceTree = "<group>";
		};
		175B633824A20B4B0064FD3E /* SwiftFacebookLoginApp */ = {
			isa = PBXGroup;
			children = (
				17FAF6AD24A30AF8008BF02E /* SwiftFacebookLoginApp.entitlements */,
				175B633924A20B4B0064FD3E /* AppDelegate.swift */,
				17FAF6AE24A31204008BF02E /* SceneDelegate.swift */,
				175B633D24A20B4B0064FD3E /* LoginViewController.swift */,
				175B634D24A2128C0064FD3E /* LogoutViewController.swift */,
				175B633F24A20B4B0064FD3E /* Main.storyboard */,
				175B634224A20B4D0064FD3E /* Assets.xcassets */,
				175B634424A20B4D0064FD3E /* LaunchScreen.storyboard */,
				175B634724A20B4D0064FD3E /* Info.plist */,
			);
			path = SwiftFacebookLoginApp;
			sourceTree = "<group>";
		};
		F6EB52684AC4084B7DC3D5AF /* Pods */ = {
			isa = PBXGroup;
			children = (
				DBDFCD451B97CE211D54167F /* Pods-SwiftFacebookLoginApp.debug.xcconfig */,
				1109D48650D75883FA0D2220 /* Pods-SwiftFacebookLoginApp.release.xcconfig */,
			);
			path = Pods;
			sourceTree = "<group>";
		};
/* End PBXGroup section */

/* Begin PBXNativeTarget section */
		175B633524A20B4B0064FD3E /* SwiftFacebookLoginApp */ = {
			isa = PBXNativeTarget;
			buildConfigurationList = 175B634A24A20B4D0064FD3E /* Build configuration list for PBXNativeTarget "SwiftFacebookLoginApp" */;
			buildPhases = (
				AFD3FB07AD65DDCF1CE986D5 /* [CP] Check Pods Manifest.lock */,
				175B633224A20B4B0064FD3E /* Sources */,
				175B633324A20B4B0064FD3E /* Frameworks */,
				175B633424A20B4B0064FD3E /* Resources */,
				7C40294C3AE88DFC4A6CD9AD /* [CP] Embed Pods Frameworks */,
			);
			buildRules = (
			);
			dependencies = (
			);
			name = SwiftFacebookLoginApp;
			productName = SwiftFacebookLoginApp;
			productReference = 175B633624A20B4B0064FD3E /* SwiftFacebookLoginApp.app */;
			productType = "com.apple.product-type.application";
		};
/* End PBXNativeTarget section */

/* Begin PBXProject section */
		175B632E24A20B4B0064FD3E /* Project object */ = {
			isa = PBXProject;
			attributes = {
				LastSwiftUpdateCheck = 1130;
				LastUpgradeCheck = 1130;
				ORGANIZATIONNAME = cancc;
				TargetAttributes = {
					175B633524A20B4B0064FD3E = {
						CreatedOnToolsVersion = 11.3.1;
					};
				};
			};
			buildConfigurationList = 175B633124A20B4B0064FD3E /* Build configuration list for PBXProject "SwiftFacebookLoginApp" */;
			compatibilityVersion = "Xcode 9.3";
			developmentRegion = en;
			hasScannedForEncodings = 0;
			knownRegions = (
				en,
				Base,
			);
			mainGroup = 175B632D24A20B4B0064FD3E;
			productRefGroup = 175B633724A20B4B0064FD3E /* Products */;
			projectDirPath = "";
			projectRoot = "";
			targets = (
				175B633524A20B4B0064FD3E /* SwiftFacebookLoginApp */,
			);
		};
/* End PBXProject section */

/* Begin PBXResourcesBuildPhase section */
		175B633424A20B4B0064FD3E /* Resources */ = {
			isa = PBXResourcesBuildPhase;
			buildActionMask = 2147483647;
			files = (
				175B634624A20B4D0064FD3E /* LaunchScreen.storyboard in Resources */,
				175B634324A20B4D0064FD3E /* Assets.xcassets in Resources */,
				175B634124A20B4B0064FD3E /* Main.storyboard in Resources */,
			);
			runOnlyForDeploymentPostprocessing = 0;
		};
/* End PBXResourcesBuildPhase section */

/* Begin PBXShellScriptBuildPhase section */
		7C40294C3AE88DFC4A6CD9AD /* [CP] Embed Pods Frameworks */ = {
			isa = PBXShellScriptBuildPhase;
			buildActionMask = 2147483647;
			files = (
			);
			inputFileListPaths = (
				"${PODS_ROOT}/Target Support Files/Pods-SwiftFacebookLoginApp/Pods-SwiftFacebookLoginApp-frameworks-${CONFIGURATION}-input-files.xcfilelist",
			);
			name = "[CP] Embed Pods Frameworks";
			outputFileListPaths = (
				"${PODS_ROOT}/Target Support Files/Pods-SwiftFacebookLoginApp/Pods-SwiftFacebookLoginApp-frameworks-${CONFIGURATION}-output-files.xcfilelist",
			);
			runOnlyForDeploymentPostprocessing = 0;
			shellPath = /bin/sh;
			shellScript = "\"${PODS_ROOT}/Target Support Files/Pods-SwiftFacebookLoginApp/Pods-SwiftFacebookLoginApp-frameworks.sh\"\n";
			showEnvVarsInLog = 0;
		};
		AFD3FB07AD65DDCF1CE986D5 /* [CP] Check Pods Manifest.lock */ = {
			isa = PBXShellScriptBuildPhase;
			buildActionMask = 2147483647;
			files = (
			);
			inputFileListPaths = (
			);
			inputPaths = (
				"${PODS_PODFILE_DIR_PATH}/Podfile.lock",
				"${PODS_ROOT}/Manifest.lock",
			);
			name = "[CP] Check Pods Manifest.lock";
			outputFileListPaths = (
			);
			outputPaths = (
				"$(DERIVED_FILE_DIR)/Pods-SwiftFacebookLoginApp-checkManifestLockResult.txt",
			);
			runOnlyForDeploymentPostprocessing = 0;
			shellPath = /bin/sh;
			shellScript = "diff \"${PODS_PODFILE_DIR_PATH}/Podfile.lock\" \"${PODS_ROOT}/Manifest.lock\" > /dev/null\nif [ $? != 0 ] ; then\n    # print error to STDERR\n    echo \"error: The sandbox is not in sync with the Podfile.lock. Run 'pod install' or update your CocoaPods installation.\" >&2\n    exit 1\nfi\n# This output is used by Xcode 'outputs' to avoid re-running this script phase.\necho \"SUCCESS\" > \"${SCRIPT_OUTPUT_FILE_0}\"\n";
			showEnvVarsInLog = 0;
		};
/* End PBXShellScriptBuildPhase section */

/* Begin PBXSourcesBuildPhase section */
		175B633224A20B4B0064FD3E /* Sources */ = {
			isa = PBXSourcesBuildPhase;
			buildActionMask = 2147483647;
			files = (
				175B633E24A20B4B0064FD3E /* LoginViewController.swift in Sources */,
				175B634E24A2128C0064FD3E /* LogoutViewController.swift in Sources */,
				175B633A24A20B4B0064FD3E /* AppDelegate.swift in Sources */,
				17FAF6AF24A31204008BF02E /* SceneDelegate.swift in Sources */,
			);
			runOnlyForDeploymentPostprocessing = 0;
		};
/* End PBXSourcesBuildPhase section */

/* Begin PBXVariantGroup section */
		175B633F24A20B4B0064FD3E /* Main.storyboard */ = {
			isa = PBXVariantGroup;
			children = (
				175B634024A20B4B0064FD3E /* Base */,
			);
			name = Main.storyboard;
			sourceTree = "<group>";
		};
		175B634424A20B4D0064FD3E /* LaunchScreen.storyboard */ = {
			isa = PBXVariantGroup;
			children = (
				175B634524A20B4D0064FD3E /* Base */,
			);
			name = LaunchScreen.storyboard;
			sourceTree = "<group>";
		};
/* End PBXVariantGroup section */

/* Begin XCBuildConfiguration section */
		175B634824A20B4D0064FD3E /* Debug */ = {
			isa = XCBuildConfiguration;
			buildSettings = {
				ALWAYS_SEARCH_USER_PATHS = NO;
				CLANG_ANALYZER_NONNULL = YES;
				CLANG_ANALYZER_NUMBER_OBJECT_CONVERSION = YES_AGGRESSIVE;
				CLANG_CXX_LANGUAGE_STANDARD = "gnu++14";
				CLANG_CXX_LIBRARY = "libc++";
				CLANG_ENABLE_MODULES = YES;
				CLANG_ENABLE_OBJC_ARC = YES;
				CLANG_ENABLE_OBJC_WEAK = YES;
				CLANG_WARN_BLOCK_CAPTURE_AUTORELEASING = YES;
				CLANG_WARN_BOOL_CONVERSION = YES;
				CLANG_WARN_COMMA = YES;
				CLANG_WARN_CONSTANT_CONVERSION = YES;
				CLANG_WARN_DEPRECATED_OBJC_IMPLEMENTATIONS = YES;
				CLANG_WARN_DIRECT_OBJC_ISA_USAGE = YES_ERROR;
				CLANG_WARN_DOCUMENTATION_COMMENTS = YES;
				CLANG_WARN_EMPTY_BODY = YES;
				CLANG_WARN_ENUM_CONVERSION = YES;
				CLANG_WARN_INFINITE_RECURSION = YES;
				CLANG_WARN_INT_CONVERSION = YES;
				CLANG_WARN_NON_LITERAL_NULL_CONVERSION = YES;
				CLANG_WARN_OBJC_IMPLICIT_RETAIN_SELF = YES;
				CLANG_WARN_OBJC_LITERAL_CONVERSION = YES;
				CLANG_WARN_OBJC_ROOT_CLASS = YES_ERROR;
				CLANG_WARN_RANGE_LOOP_ANALYSIS = YES;
				CLANG_WARN_STRICT_PROTOTYPES = YES;
				CLANG_WARN_SUSPICIOUS_MOVE = YES;
				CLANG_WARN_UNGUARDED_AVAILABILITY = YES_AGGRESSIVE;
				CLANG_WARN_UNREACHABLE_CODE = YES;
				CLANG_WARN__DUPLICATE_METHOD_MATCH = YES;
				COPY_PHASE_STRIP = NO;
				DEBUG_INFORMATION_FORMAT = dwarf;
				ENABLE_STRICT_OBJC_MSGSEND = YES;
				ENABLE_TESTABILITY = YES;
				GCC_C_LANGUAGE_STANDARD = gnu11;
				GCC_DYNAMIC_NO_PIC = NO;
				GCC_NO_COMMON_BLOCKS = YES;
				GCC_OPTIMIZATION_LEVEL = 0;
				GCC_PREPROCESSOR_DEFINITIONS = (
					"DEBUG=1",
					"$(inherited)",
				);
				GCC_WARN_64_TO_32_BIT_CONVERSION = YES;
				GCC_WARN_ABOUT_RETURN_TYPE = YES_ERROR;
				GCC_WARN_UNDECLARED_SELECTOR = YES;
				GCC_WARN_UNINITIALIZED_AUTOS = YES_AGGRESSIVE;
				GCC_WARN_UNUSED_FUNCTION = YES;
				GCC_WARN_UNUSED_VARIABLE = YES;
				IPHONEOS_DEPLOYMENT_TARGET = 10.0;
				MTL_ENABLE_DEBUG_INFO = INCLUDE_SOURCE;
				MTL_FAST_MATH = YES;
				ONLY_ACTIVE_ARCH = YES;
				SDKROOT = iphoneos;
				SWIFT_ACTIVE_COMPILATION_CONDITIONS = DEBUG;
				SWIFT_OPTIMIZATION_LEVEL = "-Onone";
				SWIFT_VERSION = 4.2;
			};
			name = Debug;
		};
		175B634924A20B4D0064FD3E /* Release */ = {
			isa = XCBuildConfiguration;
			buildSettings = {
				ALWAYS_SEARCH_USER_PATHS = NO;
				CLANG_ANALYZER_NONNULL = YES;
				CLANG_ANALYZER_NUMBER_OBJECT_CONVERSION = YES_AGGRESSIVE;
				CLANG_CXX_LANGUAGE_STANDARD = "gnu++14";
				CLANG_CXX_LIBRARY = "libc++";
				CLANG_ENABLE_MODULES = YES;
				CLANG_ENABLE_OBJC_ARC = YES;
				CLANG_ENABLE_OBJC_WEAK = YES;
				CLANG_WARN_BLOCK_CAPTURE_AUTORELEASING = YES;
				CLANG_WARN_BOOL_CONVERSION = YES;
				CLANG_WARN_COMMA = YES;
				CLANG_WARN_CONSTANT_CONVERSION = YES;
				CLANG_WARN_DEPRECATED_OBJC_IMPLEMENTATIONS = YES;
				CLANG_WARN_DIRECT_OBJC_ISA_USAGE = YES_ERROR;
				CLANG_WARN_DOCUMENTATION_COMMENTS = YES;
				CLANG_WARN_EMPTY_BODY = YES;
				CLANG_WARN_ENUM_CONVERSION = YES;
				CLANG_WARN_INFINITE_RECURSION = YES;
				CLANG_WARN_INT_CONVERSION = YES;
				CLANG_WARN_NON_LITERAL_NULL_CONVERSION = YES;
				CLANG_WARN_OBJC_IMPLICIT_RETAIN_SELF = YES;
				CLANG_WARN_OBJC_LITERAL_CONVERSION = YES;
				CLANG_WARN_OBJC_ROOT_CLASS = YES_ERROR;
				CLANG_WARN_RANGE_LOOP_ANALYSIS = YES;
				CLANG_WARN_STRICT_PROTOTYPES = YES;
				CLANG_WARN_SUSPICIOUS_MOVE = YES;
				CLANG_WARN_UNGUARDED_AVAILABILITY = YES_AGGRESSIVE;
				CLANG_WARN_UNREACHABLE_CODE = YES;
				CLANG_WARN__DUPLICATE_METHOD_MATCH = YES;
				COPY_PHASE_STRIP = NO;
				DEBUG_INFORMATION_FORMAT = "dwarf-with-dsym";
				ENABLE_NS_ASSERTIONS = NO;
				ENABLE_STRICT_OBJC_MSGSEND = YES;
				GCC_C_LANGUAGE_STANDARD = gnu11;
				GCC_NO_COMMON_BLOCKS = YES;
				GCC_WARN_64_TO_32_BIT_CONVERSION = YES;
				GCC_WARN_ABOUT_RETURN_TYPE = YES_ERROR;
				GCC_WARN_UNDECLARED_SELECTOR = YES;
				GCC_WARN_UNINITIALIZED_AUTOS = YES_AGGRESSIVE;
				GCC_WARN_UNUSED_FUNCTION = YES;
				GCC_WARN_UNUSED_VARIABLE = YES;
				IPHONEOS_DEPLOYMENT_TARGET = 10.0;
				MTL_ENABLE_DEBUG_INFO = NO;
				MTL_FAST_MATH = YES;
				SDKROOT = iphoneos;
				SWIFT_COMPILATION_MODE = wholemodule;
				SWIFT_OPTIMIZATION_LEVEL = "-O";
				SWIFT_VERSION = 4.2;
				VALIDATE_PRODUCT = YES;
			};
			name = Release;
		};
		175B634B24A20B4D0064FD3E /* Debug */ = {
			isa = XCBuildConfiguration;
			baseConfigurationReference = DBDFCD451B97CE211D54167F /* Pods-SwiftFacebookLoginApp.debug.xcconfig */;
			buildSettings = {
				ASSETCATALOG_COMPILER_APPICON_NAME = AppIcon;
				CODE_SIGN_ENTITLEMENTS = SwiftFacebookLoginApp/SwiftFacebookLoginApp.entitlements;
				CODE_SIGN_IDENTITY = "Apple Development";
				CODE_SIGN_STYLE = Automatic;
				DEVELOPMENT_TEAM = "";
				INFOPLIST_FILE = SwiftFacebookLoginApp/Info.plist;
				LD_RUNPATH_SEARCH_PATHS = (
					"$(inherited)",
					"@executable_path/Frameworks",
				);
				PRODUCT_BUNDLE_IDENTIFIER = com.mobilebackend.nifcloud.SwiftFacebookLoginApp;
				PRODUCT_NAME = "$(TARGET_NAME)";
				PROVISIONING_PROFILE_SPECIFIER = "";
				SWIFT_VERSION = 4.2;
				TARGETED_DEVICE_FAMILY = "1,2";
			};
			name = Debug;
		};
		175B634C24A20B4D0064FD3E /* Release */ = {
			isa = XCBuildConfiguration;
			baseConfigurationReference = 1109D48650D75883FA0D2220 /* Pods-SwiftFacebookLoginApp.release.xcconfig */;
			buildSettings = {
				ASSETCATALOG_COMPILER_APPICON_NAME = AppIcon;
				CODE_SIGN_ENTITLEMENTS = SwiftFacebookLoginApp/SwiftFacebookLoginApp.entitlements;
				CODE_SIGN_IDENTITY = "Apple Development";
				CODE_SIGN_STYLE = Automatic;
				DEVELOPMENT_TEAM = "";
				INFOPLIST_FILE = SwiftFacebookLoginApp/Info.plist;
				LD_RUNPATH_SEARCH_PATHS = (
					"$(inherited)",
					"@executable_path/Frameworks",
				);
				PRODUCT_BUNDLE_IDENTIFIER = com.mobilebackend.nifcloud.SwiftFacebookLoginApp;
				PRODUCT_NAME = "$(TARGET_NAME)";
				PROVISIONING_PROFILE_SPECIFIER = "";
				SWIFT_VERSION = 4.2;
				TARGETED_DEVICE_FAMILY = "1,2";
			};
			name = Release;
		};
/* End XCBuildConfiguration section */

/* Begin XCConfigurationList section */
		175B633124A20B4B0064FD3E /* Build configuration list for PBXProject "SwiftFacebookLoginApp" */ = {
			isa = XCConfigurationList;
			buildConfigurations = (
				175B634824A20B4D0064FD3E /* Debug */,
				175B634924A20B4D0064FD3E /* Release */,
			);
			defaultConfigurationIsVisible = 0;
			defaultConfigurationName = Release;
		};
		175B634A24A20B4D0064FD3E /* Build configuration list for PBXNativeTarget "SwiftFacebookLoginApp" */ = {
			isa = XCConfigurationList;
			buildConfigurations = (
				175B634B24A20B4D0064FD3E /* Debug */,
				175B634C24A20B4D0064FD3E /* Release */,
			);
			defaultConfigurationIsVisible = 0;
			defaultConfigurationName = Release;
		};
/* End XCConfigurationList section */
	};
	rootObject = 175B632E24A20B4B0064FD3E /* Project object */;
}
